
Microsoft Visual Studio Solution File, Format Version 12.00
# Visual Studio Version 16
VisualStudioVersion = 16.0.33130.400
MinimumVisualStudioVersion = 10.0.40219.1
Project("{FAE04EC0-301F-11D3-BF4B-00C04F79EFBC}") = "LitwareLib", "LitwareLib.csproj", "{AEE235ED-407D-46C7-9BA6-1E64FE0624FA}"
EndProject
Global
	GlobalSection(SolutionConfigurationPlatforms) = preSolution
		Debug|Any CPU = Debug|Any CPU
		Release|Any CPU = Release|Any CPU
	EndGlobalSection
	GlobalSection(ProjectConfigurationPlatforms) = postSolution
		{AEE235ED-407D-46C7-9BA6-1E64FE0624FA}.Debug|Any CPU.ActiveCfg = Debug|Any CPU
		{AEE235ED-407D-46C7-9BA6-1E64FE0624FA}.Debug|Any CPU.Build.0 = Debug|Any CPU
		{AEE235ED-407D-46C7-9BA6-1E64FE0624FA}.Release|Any CPU.ActiveCfg = Release|Any CPU
		{AEE235ED-407D-46C7-9BA6-1E64FE0624FA}.Release|Any CPU.Build.0 = Release|Any CPU
	EndGlobalSection
	GlobalSection(SolutionProperties) = preSolution
		HideSolutionNode = FALSE
	EndGlobalSection
	GlobalSection(ExtensibilityGlobals) = postSolution
		SolutionGuid = {937800CF-5217-47C3-9517-E7E5F0D5BEDE}
	EndGlobalSection
EndGlobal
