
Microsoft Visual Studio Solution File, Format Version 12.00
# Visual Studio Version 16
VisualStudioVersion = 16.0.33130.400
MinimumVisualStudioVersion = 10.0.40219.1
Project("{FAE04EC0-301F-11D3-BF4B-00C04F79EFBC}") = "EmployeeManagement", "EmployeeManagement.csproj", "{06006ADC-23BE-4D5A-9C2F-127B115BA66A}"
EndProject
Global
	GlobalSection(SolutionConfigurationPlatforms) = preSolution
		Debug|Any CPU = Debug|Any CPU
		Release|Any CPU = Release|Any CPU
	EndGlobalSection
	GlobalSection(ProjectConfigurationPlatforms) = postSolution
		{06006ADC-23BE-4D5A-9C2F-127B115BA66A}.Debug|Any CPU.ActiveCfg = Debug|Any CPU
		{06006ADC-23BE-4D5A-9C2F-127B115BA66A}.Debug|Any CPU.Build.0 = Debug|Any CPU
		{06006ADC-23BE-4D5A-9C2F-127B115BA66A}.Release|Any CPU.ActiveCfg = Release|Any CPU
		{06006ADC-23BE-4D5A-9C2F-127B115BA66A}.Release|Any CPU.Build.0 = Release|Any CPU
	EndGlobalSection
	GlobalSection(SolutionProperties) = preSolution
		HideSolutionNode = FALSE
	EndGlobalSection
	GlobalSection(ExtensibilityGlobals) = postSolution
		SolutionGuid = {F3D2ED0C-124A-4DD6-9F86-4A9EDE1346D4}
	EndGlobalSection
EndGlobal
