
Microsoft Visual Studio Solution File, Format Version 12.00
# Visual Studio Version 16
VisualStudioVersion = 16.0.33130.400
MinimumVisualStudioVersion = 10.0.40219.1
Project("{FAE04EC0-301F-11D3-BF4B-00C04F79EFBC}") = "Assignment1.2", "Assignment1.2.csproj", "{6556E30C-53FB-4EEF-9C63-390210395C95}"
EndProject
Global
	GlobalSection(SolutionConfigurationPlatforms) = preSolution
		Debug|Any CPU = Debug|Any CPU
		Release|Any CPU = Release|Any CPU
	EndGlobalSection
	GlobalSection(ProjectConfigurationPlatforms) = postSolution
		{6556E30C-53FB-4EEF-9C63-390210395C95}.Debug|Any CPU.ActiveCfg = Debug|Any CPU
		{6556E30C-53FB-4EEF-9C63-390210395C95}.Debug|Any CPU.Build.0 = Debug|Any CPU
		{6556E30C-53FB-4EEF-9C63-390210395C95}.Release|Any CPU.ActiveCfg = Release|Any CPU
		{6556E30C-53FB-4EEF-9C63-390210395C95}.Release|Any CPU.Build.0 = Release|Any CPU
	EndGlobalSection
	GlobalSection(SolutionProperties) = preSolution
		HideSolutionNode = FALSE
	EndGlobalSection
	GlobalSection(ExtensibilityGlobals) = postSolution
		SolutionGuid = {04E85EA4-5794-448F-BD09-51EF42954BDA}
	EndGlobalSection
EndGlobal
