
Microsoft Visual Studio Solution File, Format Version 12.00
# Visual Studio Version 16
VisualStudioVersion = 16.0.33130.400
MinimumVisualStudioVersion = 10.0.40219.1
Project("{FAE04EC0-301F-11D3-BF4B-00C04F79EFBC}") = "ProjectTestDemo", "ProjectTestDemo.csproj", "{0330F361-237C-4F90-A5DF-057D3D54DF16}"
EndProject
Project("{FAE04EC0-301F-11D3-BF4B-00C04F79EFBC}") = "TestProject1", "..\TestProject1\TestProject1.csproj", "{13A4F462-AF2A-4096-9D24-3EAE049E9A39}"
EndProject
Global
	GlobalSection(SolutionConfigurationPlatforms) = preSolution
		Debug|Any CPU = Debug|Any CPU
		Release|Any CPU = Release|Any CPU
	EndGlobalSection
	GlobalSection(ProjectConfigurationPlatforms) = postSolution
		{0330F361-237C-4F90-A5DF-057D3D54DF16}.Debug|Any CPU.ActiveCfg = Debug|Any CPU
		{0330F361-237C-4F90-A5DF-057D3D54DF16}.Debug|Any CPU.Build.0 = Debug|Any CPU
		{0330F361-237C-4F90-A5DF-057D3D54DF16}.Release|Any CPU.ActiveCfg = Release|Any CPU
		{0330F361-237C-4F90-A5DF-057D3D54DF16}.Release|Any CPU.Build.0 = Release|Any CPU
		{13A4F462-AF2A-4096-9D24-3EAE049E9A39}.Debug|Any CPU.ActiveCfg = Debug|Any CPU
		{13A4F462-AF2A-4096-9D24-3EAE049E9A39}.Debug|Any CPU.Build.0 = Debug|Any CPU
		{13A4F462-AF2A-4096-9D24-3EAE049E9A39}.Release|Any CPU.ActiveCfg = Release|Any CPU
		{13A4F462-AF2A-4096-9D24-3EAE049E9A39}.Release|Any CPU.Build.0 = Release|Any CPU
	EndGlobalSection
	GlobalSection(SolutionProperties) = preSolution
		HideSolutionNode = FALSE
	EndGlobalSection
	GlobalSection(ExtensibilityGlobals) = postSolution
		SolutionGuid = {32016548-A3FF-4910-B9E5-135977174CE5}
	EndGlobalSection
EndGlobal
