
Microsoft Visual Studio Solution File, Format Version 12.00
# Visual Studio Version 16
VisualStudioVersion = 16.0.33130.400
MinimumVisualStudioVersion = 10.0.40219.1
Project("{FAE04EC0-301F-11D3-BF4B-00C04F79EFBC}") = "Assignment7.4", "Assignment7.4.csproj", "{841ABB4D-8CB0-45C5-AD6A-86A22E6800DA}"
EndProject
Global
	GlobalSection(SolutionConfigurationPlatforms) = preSolution
		Debug|Any CPU = Debug|Any CPU
		Release|Any CPU = Release|Any CPU
	EndGlobalSection
	GlobalSection(ProjectConfigurationPlatforms) = postSolution
		{841ABB4D-8CB0-45C5-AD6A-86A22E6800DA}.Debug|Any CPU.ActiveCfg = Debug|Any CPU
		{841ABB4D-8CB0-45C5-AD6A-86A22E6800DA}.Debug|Any CPU.Build.0 = Debug|Any CPU
		{841ABB4D-8CB0-45C5-AD6A-86A22E6800DA}.Release|Any CPU.ActiveCfg = Release|Any CPU
		{841ABB4D-8CB0-45C5-AD6A-86A22E6800DA}.Release|Any CPU.Build.0 = Release|Any CPU
	EndGlobalSection
	GlobalSection(SolutionProperties) = preSolution
		HideSolutionNode = FALSE
	EndGlobalSection
	GlobalSection(ExtensibilityGlobals) = postSolution
		SolutionGuid = {A947289D-F624-47F0-A8F8-771C3DFC9DB8}
	EndGlobalSection
EndGlobal
